
Microsoft Visual Studio Solution File, Format Version 12.00
# Visual Studio Version 17
VisualStudioVersion = 17.12.35527.113 d17.12
MinimumVisualStudioVersion = 10.0.40219.1
Project("{FAE04EC0-301F-11D3-BF4B-00C04F79EFBC}") = "MvcNetCoreSessionEmpleados", "MvcNetCoreSessionEmpleados.csproj", "{50F482B5-E654-4F13-96E3-30A288061CEB}"
EndProject
Global
	GlobalSection(SolutionConfigurationPlatforms) = preSolution
		Debug|Any CPU = Debug|Any CPU
		Release|Any CPU = Release|Any CPU
	EndGlobalSection
	GlobalSection(ProjectConfigurationPlatforms) = postSolution
		{50F482B5-E654-4F13-96E3-30A288061CEB}.Debug|Any CPU.ActiveCfg = Debug|Any CPU
		{50F482B5-E654-4F13-96E3-30A288061CEB}.Debug|Any CPU.Build.0 = Debug|Any CPU
		{50F482B5-E654-4F13-96E3-30A288061CEB}.Release|Any CPU.ActiveCfg = Release|Any CPU
		{50F482B5-E654-4F13-96E3-30A288061CEB}.Release|Any CPU.Build.0 = Release|Any CPU
	EndGlobalSection
	GlobalSection(SolutionProperties) = preSolution
		HideSolutionNode = FALSE
	EndGlobalSection
EndGlobal
